
Microsoft Visual Studio Solution File, Format Version 12.00
# Visual Studio Version 16
VisualStudioVersion = 16.0.31702.278
MinimumVisualStudioVersion = 10.0.40219.1
Project("{FAE04EC0-301F-11D3-BF4B-00C04F79EFBC}") = "TreeView_NETFrmWrk", "TreeView_NETFrmWrk\TreeView_NETFrmWrk.csproj", "{0C0C6783-242D-442D-AFAB-3437169D5C4A}"
EndProject
Global
	GlobalSection(SolutionConfigurationPlatforms) = preSolution
		Debug|Any CPU = Debug|Any CPU
		Release|Any CPU = Release|Any CPU
	EndGlobalSection
	GlobalSection(ProjectConfigurationPlatforms) = postSolution
		{0C0C6783-242D-442D-AFAB-3437169D5C4A}.Debug|Any CPU.ActiveCfg = Debug|Any CPU
		{0C0C6783-242D-442D-AFAB-3437169D5C4A}.Debug|Any CPU.Build.0 = Debug|Any CPU
		{0C0C6783-242D-442D-AFAB-3437169D5C4A}.Release|Any CPU.ActiveCfg = Release|Any CPU
		{0C0C6783-242D-442D-AFAB-3437169D5C4A}.Release|Any CPU.Build.0 = Release|Any CPU
	EndGlobalSection
	GlobalSection(SolutionProperties) = preSolution
		HideSolutionNode = FALSE
	EndGlobalSection
	GlobalSection(ExtensibilityGlobals) = postSolution
		SolutionGuid = {0863C1E6-11F0-4EEE-8DDE-6893DCD7FA6F}
	EndGlobalSection
EndGlobal
